
Microsoft Visual Studio Solution File, Format Version 12.00
# Visual Studio Version 16
VisualStudioVersion = 16.0.29709.97
MinimumVisualStudioVersion = 10.0.40219.1
Project("{FAE04EC0-301F-11D3-BF4B-00C04F79EFBC}") = "Chess", "Chess.csproj", "{75EC143C-A6A4-4F14-9F91-912F42EA59FF}"
EndProject
Global
	GlobalSection(SolutionConfigurationPlatforms) = preSolution
		Debug|Any CPU = Debug|Any CPU
		Release|Any CPU = Release|Any CPU
	EndGlobalSection
	GlobalSection(ProjectConfigurationPlatforms) = postSolution
		{75EC143C-A6A4-4F14-9F91-912F42EA59FF}.Debug|Any CPU.ActiveCfg = Debug|Any CPU
		{75EC143C-A6A4-4F14-9F91-912F42EA59FF}.Debug|Any CPU.Build.0 = Debug|Any CPU
		{75EC143C-A6A4-4F14-9F91-912F42EA59FF}.Release|Any CPU.ActiveCfg = Release|Any CPU
		{75EC143C-A6A4-4F14-9F91-912F42EA59FF}.Release|Any CPU.Build.0 = Release|Any CPU
	EndGlobalSection
	GlobalSection(SolutionProperties) = preSolution
		HideSolutionNode = FALSE
	EndGlobalSection
	GlobalSection(ExtensibilityGlobals) = postSolution
		SolutionGuid = {CE8395C2-1ABE-4B08-84F0-4DE2010B9030}
	EndGlobalSection
EndGlobal
